Microsoft Visual Studio Solution File, Format Version 11.00
# Visual Studio 2008

Project("{82B9B47C-B51B-B2B7-C038-63C4BAA7E4CE}") = "Interstellar Survival 2D", "Assembly-CSharp.csproj", "{39E91FAB-8036-9F9A-CEAE-F11D8263E02D}"
EndProject
Global
	GlobalSection(SolutionConfigurationPlatforms) = preSolution
		Debug|Any CPU = Debug|Any CPU
		Release|Any CPU = Release|Any CPU
	EndGlobalSection
	GlobalSection(ProjectConfigurationPlatforms) = postSolution
		{39E91FAB-8036-9F9A-CEAE-F11D8263E02D}.Debug|Any CPU.ActiveCfg = Debug|Any CPU
		{39E91FAB-8036-9F9A-CEAE-F11D8263E02D}.Debug|Any CPU.Build.0 = Debug|Any CPU
		{39E91FAB-8036-9F9A-CEAE-F11D8263E02D}.Release|Any CPU.ActiveCfg = Release|Any CPU
		{39E91FAB-8036-9F9A-CEAE-F11D8263E02D}.Release|Any CPU.Build.0 = Release|Any CPU
	EndGlobalSection
	GlobalSection(SolutionProperties) = preSolution
		HideSolutionNode = FALSE
	EndGlobalSection
	GlobalSection(MonoDevelopProperties) = preSolution
		StartupItem = Assembly-CSharp.csproj
	EndGlobalSection
EndGlobal
